{
  "name": "js_tutorial",
  "lockfileVersion": 2,
  "requires": true,
  "packages": {
    "": {
      "dependencies": {
        "furuya-palindrome": "^0.1.0"
      }
    },
    "node_modules/furuya-palindrome": {
      "version": "0.1.0",
      "resolved": "https://registry.npmjs.org/furuya-palindrome/-/furuya-palindrome-0.1.0.tgz",
      "integrity": "sha512-SuhgdFxzrrmzT2+fbm2amaRcSc3AdG/eH381X72fUSKPGEz4z/Or7sBQF0whTtIgaZXUvtLOQDeZrYwntZYVMQ=="
    }
  },
  "dependencies": {
    "furuya-palindrome": {
      "version": "0.1.0",
      "resolved": "https://registry.npmjs.org/furuya-palindrome/-/furuya-palindrome-0.1.0.tgz",
      "integrity": "sha512-SuhgdFxzrrmzT2+fbm2amaRcSc3AdG/eH381X72fUSKPGEz4z/Or7sBQF0whTtIgaZXUvtLOQDeZrYwntZYVMQ=="
    }
  }
}
